
Microsoft Visual Studio Solution File, Format Version 12.00
# Visual Studio Version 16
VisualStudioVersion = 16.0.29009.5
MinimumVisualStudioVersion = 10.0.40219.1
Project("{FAE04EC0-301F-11D3-BF4B-00C04F79EFBC}") = "BlueShop", "BlueShop\BlueShop.csproj", "{4ACB4870-5346-4EC8-AAB2-EE1EFB638B5E}"
EndProject
Global
	GlobalSection(SolutionConfigurationPlatforms) = preSolution
		Debug|Any CPU = Debug|Any CPU
		Release|Any CPU = Release|Any CPU
	EndGlobalSection
	GlobalSection(ProjectConfigurationPlatforms) = postSolution
		{4ACB4870-5346-4EC8-AAB2-EE1EFB638B5E}.Debug|Any CPU.ActiveCfg = Debug|Any CPU
		{4ACB4870-5346-4EC8-AAB2-EE1EFB638B5E}.Debug|Any CPU.Build.0 = Debug|Any CPU
		{4ACB4870-5346-4EC8-AAB2-EE1EFB638B5E}.Release|Any CPU.ActiveCfg = Release|Any CPU
		{4ACB4870-5346-4EC8-AAB2-EE1EFB638B5E}.Release|Any CPU.Build.0 = Release|Any CPU
	EndGlobalSection
	GlobalSection(SolutionProperties) = preSolution
		HideSolutionNode = FALSE
	EndGlobalSection
	GlobalSection(ExtensibilityGlobals) = postSolution
		SolutionGuid = {7003DDA2-2484-4340-A995-F7F55064EB44}
	EndGlobalSection
EndGlobal
